
Microsoft Visual Studio Solution File, Format Version 12.00
# Visual Studio Version 17
VisualStudioVersion = 17.3.32929.385
MinimumVisualStudioVersion = 10.0.40219.1
Project("{FAE04EC0-301F-11D3-BF4B-00C04F79EFBC}") = "Fibonacci", "Fibonacci\Fibonacci.csproj", "{1351AEC0-409B-49EF-82EE-626ED4BB0204}"
EndProject
Global
	GlobalSection(SolutionConfigurationPlatforms) = preSolution
		Debug|Any CPU = Debug|Any CPU
		Release|Any CPU = Release|Any CPU
	EndGlobalSection
	GlobalSection(ProjectConfigurationPlatforms) = postSolution
		{1351AEC0-409B-49EF-82EE-626ED4BB0204}.Debug|Any CPU.ActiveCfg = Debug|Any CPU
		{1351AEC0-409B-49EF-82EE-626ED4BB0204}.Debug|Any CPU.Build.0 = Debug|Any CPU
		{1351AEC0-409B-49EF-82EE-626ED4BB0204}.Release|Any CPU.ActiveCfg = Release|Any CPU
		{1351AEC0-409B-49EF-82EE-626ED4BB0204}.Release|Any CPU.Build.0 = Release|Any CPU
	EndGlobalSection
	GlobalSection(SolutionProperties) = preSolution
		HideSolutionNode = FALSE
	EndGlobalSection
	GlobalSection(ExtensibilityGlobals) = postSolution
		SolutionGuid = {8AB74AC3-B519-4477-9937-0A94A1A4808D}
	EndGlobalSection
EndGlobal
