
Microsoft Visual Studio Solution File, Format Version 12.00
# Visual Studio Version 17
VisualStudioVersion = 17.13.35818.85 d17.13
MinimumVisualStudioVersion = 10.0.40219.1
Project("{FAE04EC0-301F-11D3-BF4B-00C04F79EFBC}") = "MudslideAgent", "MudslideAgent\MudslideAgent.csproj", "{1B37AD10-F919-476D-A675-E2A078A56BBA}"
EndProject
Global
	GlobalSection(SolutionConfigurationPlatforms) = preSolution
		Debug|Any CPU = Debug|Any CPU
		Release|Any CPU = Release|Any CPU
	EndGlobalSection
	GlobalSection(ProjectConfigurationPlatforms) = postSolution
		{1B37AD10-F919-476D-A675-E2A078A56BBA}.Debug|Any CPU.ActiveCfg = Debug|Any CPU
		{1B37AD10-F919-476D-A675-E2A078A56BBA}.Debug|Any CPU.Build.0 = Debug|Any CPU
		{1B37AD10-F919-476D-A675-E2A078A56BBA}.Release|Any CPU.ActiveCfg = Release|Any CPU
		{1B37AD10-F919-476D-A675-E2A078A56BBA}.Release|Any CPU.Build.0 = Release|Any CPU
	EndGlobalSection
	GlobalSection(SolutionProperties) = preSolution
		HideSolutionNode = FALSE
	EndGlobalSection
	GlobalSection(ExtensibilityGlobals) = postSolution
		SolutionGuid = {ECD6C000-1D5B-486F-9563-C9AEA9518DA4}
	EndGlobalSection
EndGlobal
