
Microsoft Visual Studio Solution File, Format Version 12.00
# Visual Studio Version 17
VisualStudioVersion = 17.9.34622.214
MinimumVisualStudioVersion = 10.0.40219.1
Project("{FAE04EC0-301F-11D3-BF4B-00C04F79EFBC}") = "HostingAgent", "HostingAgent\HostingAgent.csproj", "{BA0D3870-B05D-4BBB-B89A-E86FF89D7026}"
EndProject
Global
	GlobalSection(SolutionConfigurationPlatforms) = preSolution
		Debug|Any CPU = Debug|Any CPU
		Release|Any CPU = Release|Any CPU
	EndGlobalSection
	GlobalSection(ProjectConfigurationPlatforms) = postSolution
		{BA0D3870-B05D-4BBB-B89A-E86FF89D7026}.Debug|Any CPU.ActiveCfg = Debug|Any CPU
		{BA0D3870-B05D-4BBB-B89A-E86FF89D7026}.Debug|Any CPU.Build.0 = Debug|Any CPU
		{BA0D3870-B05D-4BBB-B89A-E86FF89D7026}.Release|Any CPU.ActiveCfg = Release|Any CPU
		{BA0D3870-B05D-4BBB-B89A-E86FF89D7026}.Release|Any CPU.Build.0 = Release|Any CPU
	EndGlobalSection
	GlobalSection(SolutionProperties) = preSolution
		HideSolutionNode = FALSE
	EndGlobalSection
	GlobalSection(ExtensibilityGlobals) = postSolution
		SolutionGuid = {C31F64F3-8BBE-4B97-AC99-8B385E67628D}
	EndGlobalSection
EndGlobal
