
Microsoft Visual Studio Solution File, Format Version 12.00
# Visual Studio Version 17
VisualStudioVersion = 17.13.35931.197
MinimumVisualStudioVersion = 10.0.40219.1
Project("{FAE04EC0-301F-11D3-BF4B-00C04F79EFBC}") = "TabletUIAgent", "TabletUIAgent\TabletUIAgent.csproj", "{73288FD3-B47D-467D-BA5E-DC67A5F9BC6F}"
EndProject
Global
	GlobalSection(SolutionConfigurationPlatforms) = preSolution
		Debug|Any CPU = Debug|Any CPU
		Release|Any CPU = Release|Any CPU
	EndGlobalSection
	GlobalSection(ProjectConfigurationPlatforms) = postSolution
		{73288FD3-B47D-467D-BA5E-DC67A5F9BC6F}.Debug|Any CPU.ActiveCfg = Debug|Any CPU
		{73288FD3-B47D-467D-BA5E-DC67A5F9BC6F}.Debug|Any CPU.Build.0 = Debug|Any CPU
		{73288FD3-B47D-467D-BA5E-DC67A5F9BC6F}.Release|Any CPU.ActiveCfg = Release|Any CPU
		{73288FD3-B47D-467D-BA5E-DC67A5F9BC6F}.Release|Any CPU.Build.0 = Release|Any CPU
	EndGlobalSection
	GlobalSection(SolutionProperties) = preSolution
		HideSolutionNode = FALSE
	EndGlobalSection
	GlobalSection(ExtensibilityGlobals) = postSolution
		SolutionGuid = {636687A3-DBC3-4674-B542-43B6C7CE15C8}
	EndGlobalSection
EndGlobal
