
Microsoft Visual Studio Solution File, Format Version 12.00
# Visual Studio Version 17
VisualStudioVersion = 17.9.34622.214
MinimumVisualStudioVersion = 10.0.40219.1
Project("{9A19103F-16F7-4668-BE54-9A1E7A4F7556}") = "WebServerAgent", "WebServerAgent\WebServerAgent.csproj", "{5EF0EC7F-06BE-483A-9ECE-71F8E7965A7B}"
EndProject
Global
	GlobalSection(SolutionConfigurationPlatforms) = preSolution
		Debug|Any CPU = Debug|Any CPU
		Release|Any CPU = Release|Any CPU
	EndGlobalSection
	GlobalSection(ProjectConfigurationPlatforms) = postSolution
		{5EF0EC7F-06BE-483A-9ECE-71F8E7965A7B}.Debug|Any CPU.ActiveCfg = Debug|Any CPU
		{5EF0EC7F-06BE-483A-9ECE-71F8E7965A7B}.Debug|Any CPU.Build.0 = Debug|Any CPU
		{5EF0EC7F-06BE-483A-9ECE-71F8E7965A7B}.Release|Any CPU.ActiveCfg = Release|Any CPU
		{5EF0EC7F-06BE-483A-9ECE-71F8E7965A7B}.Release|Any CPU.Build.0 = Release|Any CPU
	EndGlobalSection
	GlobalSection(SolutionProperties) = preSolution
		HideSolutionNode = FALSE
	EndGlobalSection
	GlobalSection(ExtensibilityGlobals) = postSolution
		SolutionGuid = {59E56BE5-1C90-4CC6-B359-2C33632714BA}
	EndGlobalSection
EndGlobal
