
Microsoft Visual Studio Solution File, Format Version 12.00
# Visual Studio Version 17
VisualStudioVersion = 17.5.33627.172
MinimumVisualStudioVersion = 10.0.40219.1
Project("{FAE04EC0-301F-11D3-BF4B-00C04F79EFBC}") = "YtAgent", "YtAgent\YtAgent.csproj", "{5ACEED63-A4DF-4350-9B20-534DA9E58B10}"
EndProject
Global
	GlobalSection(SolutionConfigurationPlatforms) = preSolution
		Debug|Any CPU = Debug|Any CPU
		Release|Any CPU = Release|Any CPU
	EndGlobalSection
	GlobalSection(ProjectConfigurationPlatforms) = postSolution
		{5ACEED63-A4DF-4350-9B20-534DA9E58B10}.Debug|Any CPU.ActiveCfg = Debug|Any CPU
		{5ACEED63-A4DF-4350-9B20-534DA9E58B10}.Debug|Any CPU.Build.0 = Debug|Any CPU
		{5ACEED63-A4DF-4350-9B20-534DA9E58B10}.Release|Any CPU.ActiveCfg = Release|Any CPU
		{5ACEED63-A4DF-4350-9B20-534DA9E58B10}.Release|Any CPU.Build.0 = Release|Any CPU
	EndGlobalSection
	GlobalSection(SolutionProperties) = preSolution
		HideSolutionNode = FALSE
	EndGlobalSection
	GlobalSection(ExtensibilityGlobals) = postSolution
		SolutionGuid = {A4C91780-B013-4382-A0D6-D5DF7F47298D}
	EndGlobalSection
EndGlobal
