
Microsoft Visual Studio Solution File, Format Version 12.00
# Visual Studio Version 17
VisualStudioVersion = 17.3.32929.385
MinimumVisualStudioVersion = 10.0.40219.1
Project("{9A19103F-16F7-4668-BE54-9A1E7A4F7556}") = "Broker.Server", "Broker\Server\Broker.Server.csproj", "{2AEC9249-941D-4D40-A444-56E3B5F86E03}"
EndProject
Project("{9A19103F-16F7-4668-BE54-9A1E7A4F7556}") = "Broker.Client", "Broker\Client\Broker.Client.csproj", "{EEA99E75-7AC2-4597-AFA3-05C131174D8A}"
EndProject
Global
	GlobalSection(SolutionConfigurationPlatforms) = preSolution
		Debug|Any CPU = Debug|Any CPU
		Release|Any CPU = Release|Any CPU
	EndGlobalSection
	GlobalSection(ProjectConfigurationPlatforms) = postSolution
		{2AEC9249-941D-4D40-A444-56E3B5F86E03}.Debug|Any CPU.ActiveCfg = Debug|Any CPU
		{2AEC9249-941D-4D40-A444-56E3B5F86E03}.Debug|Any CPU.Build.0 = Debug|Any CPU
		{2AEC9249-941D-4D40-A444-56E3B5F86E03}.Release|Any CPU.ActiveCfg = Release|Any CPU
		{2AEC9249-941D-4D40-A444-56E3B5F86E03}.Release|Any CPU.Build.0 = Release|Any CPU
		{EEA99E75-7AC2-4597-AFA3-05C131174D8A}.Debug|Any CPU.ActiveCfg = Debug|Any CPU
		{EEA99E75-7AC2-4597-AFA3-05C131174D8A}.Debug|Any CPU.Build.0 = Debug|Any CPU
		{EEA99E75-7AC2-4597-AFA3-05C131174D8A}.Release|Any CPU.ActiveCfg = Release|Any CPU
		{EEA99E75-7AC2-4597-AFA3-05C131174D8A}.Release|Any CPU.Build.0 = Release|Any CPU
	EndGlobalSection
	GlobalSection(SolutionProperties) = preSolution
		HideSolutionNode = FALSE
	EndGlobalSection
	GlobalSection(ExtensibilityGlobals) = postSolution
		SolutionGuid = {CB374DF8-28CA-4F35-A825-78295827C87D}
	EndGlobalSection
EndGlobal
