
Microsoft Visual Studio Solution File, Format Version 12.00
# Visual Studio Version 17
VisualStudioVersion = 17.3.32929.385
MinimumVisualStudioVersion = 10.0.40219.1
Project("{FAE04EC0-301F-11D3-BF4B-00C04F79EFBC}") = "ChangeSpotter", "ChangeSpotter\ChangeSpotter.csproj", "{0247DD28-CC2B-4957-A31E-8AFC253C9BFC}"
EndProject
Global
	GlobalSection(SolutionConfigurationPlatforms) = preSolution
		Debug|Any CPU = Debug|Any CPU
		Release|Any CPU = Release|Any CPU
	EndGlobalSection
	GlobalSection(ProjectConfigurationPlatforms) = postSolution
		{0247DD28-CC2B-4957-A31E-8AFC253C9BFC}.Debug|Any CPU.ActiveCfg = Debug|Any CPU
		{0247DD28-CC2B-4957-A31E-8AFC253C9BFC}.Debug|Any CPU.Build.0 = Debug|Any CPU
		{0247DD28-CC2B-4957-A31E-8AFC253C9BFC}.Release|Any CPU.ActiveCfg = Release|Any CPU
		{0247DD28-CC2B-4957-A31E-8AFC253C9BFC}.Release|Any CPU.Build.0 = Release|Any CPU
	EndGlobalSection
	GlobalSection(SolutionProperties) = preSolution
		HideSolutionNode = FALSE
	EndGlobalSection
	GlobalSection(ExtensibilityGlobals) = postSolution
		SolutionGuid = {B6641A85-8D04-4D6F-B4E8-9080A709A1F5}
	EndGlobalSection
EndGlobal
